
Microsoft Visual Studio Solution File, Format Version 12.00
# Visual Studio Version 17
VisualStudioVersion = 17.3.32922.545
MinimumVisualStudioVersion = 10.0.40219.1
Project("{FAE04EC0-301F-11D3-BF4B-00C04F79EFBC}") = "Case studynew", "Case studynew.csproj", "{11F3432D-6FA7-4FB9-99D5-27BBAB5DDAD6}"
EndProject
Global
	GlobalSection(SolutionConfigurationPlatforms) = preSolution
		Debug|Any CPU = Debug|Any CPU
		Release|Any CPU = Release|Any CPU
	EndGlobalSection
	GlobalSection(ProjectConfigurationPlatforms) = postSolution
		{11F3432D-6FA7-4FB9-99D5-27BBAB5DDAD6}.Debug|Any CPU.ActiveCfg = Debug|Any CPU
		{11F3432D-6FA7-4FB9-99D5-27BBAB5DDAD6}.Debug|Any CPU.Build.0 = Debug|Any CPU
		{11F3432D-6FA7-4FB9-99D5-27BBAB5DDAD6}.Release|Any CPU.ActiveCfg = Release|Any CPU
		{11F3432D-6FA7-4FB9-99D5-27BBAB5DDAD6}.Release|Any CPU.Build.0 = Release|Any CPU
	EndGlobalSection
	GlobalSection(SolutionProperties) = preSolution
		HideSolutionNode = FALSE
	EndGlobalSection
	GlobalSection(ExtensibilityGlobals) = postSolution
		SolutionGuid = {6E642C55-047E-4FFF-BEA2-7E97DC609823}
	EndGlobalSection
EndGlobal
